
Microsoft Visual Studio Solution File, Format Version 12.00
# Visual Studio 14
VisualStudioVersion = 14.0.24720.0
MinimumVisualStudioVersion = 10.0.40219.1
Project("{FAE04EC0-301F-11D3-BF4B-00C04F79EFBC}") = "DAL", "DAL\DAL.csproj", "{BA90D39F-9AED-470C-BF16-D587EBFC4A3F}"
EndProject
Project("{FAE04EC0-301F-11D3-BF4B-00C04F79EFBC}") = "BLL", "BLL\BLL.csproj", "{D8EE15D0-8BF5-4BBD-B37E-C41D366FDA0C}"
EndProject
Project("{FAE04EC0-301F-11D3-BF4B-00C04F79EFBC}") = "Modelos", "Modelos\Modelos.csproj", "{6BB69C17-C4F4-42C3-AD87-DC29A42D0197}"
EndProject
Project("{FAE04EC0-301F-11D3-BF4B-00C04F79EFBC}") = "GUI", "GUI\GUI.csproj", "{B0742B10-FA3B-4F2D-9855-23FEB62C54A7}"
EndProject
Global
	GlobalSection(SolutionConfigurationPlatforms) = preSolution
		CD_ROM|Any CPU = CD_ROM|Any CPU
		Debug|Any CPU = Debug|Any CPU
		DVD-5|Any CPU = DVD-5|Any CPU
		Release|Any CPU = Release|Any CPU
		SingleImage|Any CPU = SingleImage|Any CPU
	EndGlobalSection
	GlobalSection(ProjectConfigurationPlatforms) = postSolution
		{BA90D39F-9AED-470C-BF16-D587EBFC4A3F}.CD_ROM|Any CPU.ActiveCfg = Release|Any CPU
		{BA90D39F-9AED-470C-BF16-D587EBFC4A3F}.CD_ROM|Any CPU.Build.0 = Release|Any CPU
		{BA90D39F-9AED-470C-BF16-D587EBFC4A3F}.Debug|Any CPU.ActiveCfg = Debug|Any CPU
		{BA90D39F-9AED-470C-BF16-D587EBFC4A3F}.Debug|Any CPU.Build.0 = Debug|Any CPU
		{BA90D39F-9AED-470C-BF16-D587EBFC4A3F}.DVD-5|Any CPU.ActiveCfg = Debug|Any CPU
		{BA90D39F-9AED-470C-BF16-D587EBFC4A3F}.DVD-5|Any CPU.Build.0 = Debug|Any CPU
		{BA90D39F-9AED-470C-BF16-D587EBFC4A3F}.Release|Any CPU.ActiveCfg = Release|Any CPU
		{BA90D39F-9AED-470C-BF16-D587EBFC4A3F}.Release|Any CPU.Build.0 = Release|Any CPU
		{BA90D39F-9AED-470C-BF16-D587EBFC4A3F}.SingleImage|Any CPU.ActiveCfg = Release|Any CPU
		{BA90D39F-9AED-470C-BF16-D587EBFC4A3F}.SingleImage|Any CPU.Build.0 = Release|Any CPU
		{D8EE15D0-8BF5-4BBD-B37E-C41D366FDA0C}.CD_ROM|Any CPU.ActiveCfg = Release|Any CPU
		{D8EE15D0-8BF5-4BBD-B37E-C41D366FDA0C}.CD_ROM|Any CPU.Build.0 = Release|Any CPU
		{D8EE15D0-8BF5-4BBD-B37E-C41D366FDA0C}.Debug|Any CPU.ActiveCfg = Debug|Any CPU
		{D8EE15D0-8BF5-4BBD-B37E-C41D366FDA0C}.Debug|Any CPU.Build.0 = Debug|Any CPU
		{D8EE15D0-8BF5-4BBD-B37E-C41D366FDA0C}.DVD-5|Any CPU.ActiveCfg = Debug|Any CPU
		{D8EE15D0-8BF5-4BBD-B37E-C41D366FDA0C}.DVD-5|Any CPU.Build.0 = Debug|Any CPU
		{D8EE15D0-8BF5-4BBD-B37E-C41D366FDA0C}.Release|Any CPU.ActiveCfg = Release|Any CPU
		{D8EE15D0-8BF5-4BBD-B37E-C41D366FDA0C}.Release|Any CPU.Build.0 = Release|Any CPU
		{D8EE15D0-8BF5-4BBD-B37E-C41D366FDA0C}.SingleImage|Any CPU.ActiveCfg = Release|Any CPU
		{D8EE15D0-8BF5-4BBD-B37E-C41D366FDA0C}.SingleImage|Any CPU.Build.0 = Release|Any CPU
		{6BB69C17-C4F4-42C3-AD87-DC29A42D0197}.CD_ROM|Any CPU.ActiveCfg = Release|Any CPU
		{6BB69C17-C4F4-42C3-AD87-DC29A42D0197}.CD_ROM|Any CPU.Build.0 = Release|Any CPU
		{6BB69C17-C4F4-42C3-AD87-DC29A42D0197}.Debug|Any CPU.ActiveCfg = Debug|Any CPU
		{6BB69C17-C4F4-42C3-AD87-DC29A42D0197}.Debug|Any CPU.Build.0 = Debug|Any CPU
		{6BB69C17-C4F4-42C3-AD87-DC29A42D0197}.DVD-5|Any CPU.ActiveCfg = Debug|Any CPU
		{6BB69C17-C4F4-42C3-AD87-DC29A42D0197}.DVD-5|Any CPU.Build.0 = Debug|Any CPU
		{6BB69C17-C4F4-42C3-AD87-DC29A42D0197}.Release|Any CPU.ActiveCfg = Release|Any CPU
		{6BB69C17-C4F4-42C3-AD87-DC29A42D0197}.Release|Any CPU.Build.0 = Release|Any CPU
		{6BB69C17-C4F4-42C3-AD87-DC29A42D0197}.SingleImage|Any CPU.ActiveCfg = Release|Any CPU
		{6BB69C17-C4F4-42C3-AD87-DC29A42D0197}.SingleImage|Any CPU.Build.0 = Release|Any CPU
		{B0742B10-FA3B-4F2D-9855-23FEB62C54A7}.CD_ROM|Any CPU.ActiveCfg = Release|Any CPU
		{B0742B10-FA3B-4F2D-9855-23FEB62C54A7}.CD_ROM|Any CPU.Build.0 = Release|Any CPU
		{B0742B10-FA3B-4F2D-9855-23FEB62C54A7}.Debug|Any CPU.ActiveCfg = Debug|Any CPU
		{B0742B10-FA3B-4F2D-9855-23FEB62C54A7}.Debug|Any CPU.Build.0 = Debug|Any CPU
		{B0742B10-FA3B-4F2D-9855-23FEB62C54A7}.DVD-5|Any CPU.ActiveCfg = Debug|Any CPU
		{B0742B10-FA3B-4F2D-9855-23FEB62C54A7}.DVD-5|Any CPU.Build.0 = Debug|Any CPU
		{B0742B10-FA3B-4F2D-9855-23FEB62C54A7}.Release|Any CPU.ActiveCfg = Release|Any CPU
		{B0742B10-FA3B-4F2D-9855-23FEB62C54A7}.Release|Any CPU.Build.0 = Release|Any CPU
		{B0742B10-FA3B-4F2D-9855-23FEB62C54A7}.SingleImage|Any CPU.ActiveCfg = Release|Any CPU
		{B0742B10-FA3B-4F2D-9855-23FEB62C54A7}.SingleImage|Any CPU.Build.0 = Release|Any CPU
	EndGlobalSection
	GlobalSection(SolutionProperties) = preSolution
		HideSolutionNode = FALSE
	EndGlobalSection
EndGlobal
